// !$*UTF8*$!
{
	archiveVersion = 1;
	classes = {
	};
	objectVersion = 55;
	objects = {

/* Begin PBXBuildFile section */
		622BFF7728BDB78D00C562DB /* LaunchScreen.storyboard in Resources */ = {isa = PBXBuildFile; fileRef = 622BFF7628BDB78D00C562DB /* LaunchScreen.storyboard */; };
		622BFF7928BDB8BF00C562DB /* logo.png in Resources */ = {isa = PBXBuildFile; fileRef = 622BFF7828BDB8BF00C562DB /* logo.png */; };
		622BFF7B28BDB8C500C562DB /* logoAnimation.json in Resources */ = {isa = PBXBuildFile; fileRef = 622BFF7A28BDB8C500C562DB /* logoAnimation.json */; };
		622BFF7E28BDB8DA00C562DB /* LottieView.swift in Sources */ = {isa = PBXBuildFile; fileRef = 622BFF7D28BDB8DA00C562DB /* LottieView.swift */; };
		622BFF8128BDB91C00C562DB /* Lottie in Frameworks */ = {isa = PBXBuildFile; productRef = 622BFF8028BDB91C00C562DB /* Lottie */; };
		625ADFDB28B2867400756BB1 /* Constants.swift in Sources */ = {isa = PBXBuildFile; fileRef = 625ADFDA28B2867400756BB1 /* Constants.swift */; };
		625ADFE228B28B4B00756BB1 /* Watch.swift in Sources */ = {isa = PBXBuildFile; fileRef = 625ADFE128B28B4B00756BB1 /* Watch.swift */; };
		625ADFE528B28BDC00756BB1 /* PreviewProvider+Ext.swift in Sources */ = {isa = PBXBuildFile; fileRef = 625ADFE428B28BDC00756BB1 /* PreviewProvider+Ext.swift */; };
		625ADFE728B28C8500756BB1 /* Enums.swift in Sources */ = {isa = PBXBuildFile; fileRef = 625ADFE628B28C8500756BB1 /* Enums.swift */; };
		6262D2E928C4D72300F2CE17 /* CartView.swift in Sources */ = {isa = PBXBuildFile; fileRef = 6262D2E828C4D72300F2CE17 /* CartView.swift */; };
		6262D2EB28C4FF0D00F2CE17 /* CartToolBarItem.swift in Sources */ = {isa = PBXBuildFile; fileRef = 6262D2EA28C4FF0D00F2CE17 /* CartToolBarItem.swift */; };
		6262D2ED28C51E9600F2CE17 /* DetailViewAppleCareView.swift in Sources */ = {isa = PBXBuildFile; fileRef = 6262D2EC28C51E9600F2CE17 /* DetailViewAppleCareView.swift */; };
		6262D2F128C522CA00F2CE17 /* DetailViewCaseSizeView.swift in Sources */ = {isa = PBXBuildFile; fileRef = 6262D2F028C522CA00F2CE17 /* DetailViewCaseSizeView.swift */; };
		6262D2F328C522F600F2CE17 /* DetailViewConnectivityView.swift in Sources */ = {isa = PBXBuildFile; fileRef = 6262D2F228C522F600F2CE17 /* DetailViewConnectivityView.swift */; };
		6262D2F728C536DD00F2CE17 /* WatchBandOptionsView.swift in Sources */ = {isa = PBXBuildFile; fileRef = 6262D2F628C536DD00F2CE17 /* WatchBandOptionsView.swift */; };
		6262D31628C6658000F2CE17 /* WatchCardView.swift in Sources */ = {isa = PBXBuildFile; fileRef = 6262D31528C6658000F2CE17 /* WatchCardView.swift */; };
		6262D33128C6C47A00F2CE17 /* Assets.xcassets in Resources */ = {isa = PBXBuildFile; fileRef = 62DA87CE28B19B83002B4278 /* Assets.xcassets */; };
		628F839B28BCEE7600D88AB4 /* WatchCardDetailView.swift in Sources */ = {isa = PBXBuildFile; fileRef = 628F839A28BCEE7600D88AB4 /* WatchCardDetailView.swift */; };
		628F839D28BCEF3400D88AB4 /* GradientBackgroundView.swift in Sources */ = {isa = PBXBuildFile; fileRef = 628F839C28BCEF3400D88AB4 /* GradientBackgroundView.swift */; };
		62B155F628BBD09B00CABE17 /* WatchCardListView.swift in Sources */ = {isa = PBXBuildFile; fileRef = 62B155F528BBD09B00CABE17 /* WatchCardListView.swift */; };
		62B155FA28BBD0F200CABE17 /* WatchCardGridView.swift in Sources */ = {isa = PBXBuildFile; fileRef = 62B155F928BBD0F200CABE17 /* WatchCardGridView.swift */; };
		62B155FE28BC33B500CABE17 /* FavoriteWatchView.swift in Sources */ = {isa = PBXBuildFile; fileRef = 62B155FD28BC33B500CABE17 /* FavoriteWatchView.swift */; };
		62B1560028BC33BD00CABE17 /* WatchPriceView.swift in Sources */ = {isa = PBXBuildFile; fileRef = 62B155FF28BC33BD00CABE17 /* WatchPriceView.swift */; };
		62B1560228BC33C800CABE17 /* WatchTitleView.swift in Sources */ = {isa = PBXBuildFile; fileRef = 62B1560128BC33C800CABE17 /* WatchTitleView.swift */; };
		62B1560428BC33D100CABE17 /* WatchBandTitleView.swift in Sources */ = {isa = PBXBuildFile; fileRef = 62B1560328BC33D100CABE17 /* WatchBandTitleView.swift */; };
		62B1560628BC33DB00CABE17 /* AddToCartView.swift in Sources */ = {isa = PBXBuildFile; fileRef = 62B1560528BC33DB00CABE17 /* AddToCartView.swift */; };
		62C4BDEC28BE539600A25DA4 /* DetailViewImageView.swift in Sources */ = {isa = PBXBuildFile; fileRef = 62C4BDEB28BE539600A25DA4 /* DetailViewImageView.swift */; };
		62C4BDEE28BE564A00A25DA4 /* StoreModel.swift in Sources */ = {isa = PBXBuildFile; fileRef = 62C4BDED28BE564A00A25DA4 /* StoreModel.swift */; };
		62DA87CB28B19B82002B4278 /* Watch_StoreApp.swift in Sources */ = {isa = PBXBuildFile; fileRef = 62DA87CA28B19B82002B4278 /* Watch_StoreApp.swift */; };
		62DA87CD28B19B82002B4278 /* HomeView.swift in Sources */ = {isa = PBXBuildFile; fileRef = 62DA87CC28B19B82002B4278 /* HomeView.swift */; };
		62DA87D228B19B83002B4278 /* Preview Assets.xcassets in Resources */ = {isa = PBXBuildFile; fileRef = 62DA87D128B19B83002B4278 /* Preview Assets.xcassets */; };
/* End PBXBuildFile section */

/* Begin PBXFileReference section */
		622BFF7628BDB78D00C562DB /* LaunchScreen.storyboard */ = {isa = PBXFileReference; lastKnownFileType = file.storyboard; path = LaunchScreen.storyboard; sourceTree = "<group>"; };
		622BFF7828BDB8BF00C562DB /* logo.png */ = {isa = PBXFileReference; lastKnownFileType = image.png; path = logo.png; sourceTree = "<group>"; };
		622BFF7A28BDB8C500C562DB /* logoAnimation.json */ = {isa = PBXFileReference; fileEncoding = 4; lastKnownFileType = text.json; path = logoAnimation.json; sourceTree = "<group>"; };
		622BFF7D28BDB8DA00C562DB /* LottieView.swift */ = {isa = PBXFileReference; lastKnownFileType = sourcecode.swift; path = LottieView.swift; sourceTree = "<group>"; };
		625ADFDA28B2867400756BB1 /* Constants.swift */ = {isa = PBXFileReference; lastKnownFileType = sourcecode.swift; path = Constants.swift; sourceTree = "<group>"; };
		625ADFE128B28B4B00756BB1 /* Watch.swift */ = {isa = PBXFileReference; lastKnownFileType = sourcecode.swift; path = Watch.swift; sourceTree = "<group>"; };
		625ADFE428B28BDC00756BB1 /* PreviewProvider+Ext.swift */ = {isa = PBXFileReference; lastKnownFileType = sourcecode.swift; path = "PreviewProvider+Ext.swift"; sourceTree = "<group>"; };
		625ADFE628B28C8500756BB1 /* Enums.swift */ = {isa = PBXFileReference; lastKnownFileType = sourcecode.swift; path = Enums.swift; sourceTree = "<group>"; };
		6262D2E828C4D72300F2CE17 /* CartView.swift */ = {isa = PBXFileReference; lastKnownFileType = sourcecode.swift; path = CartView.swift; sourceTree = "<group>"; };
		6262D2EA28C4FF0D00F2CE17 /* CartToolBarItem.swift */ = {isa = PBXFileReference; lastKnownFileType = sourcecode.swift; path = CartToolBarItem.swift; sourceTree = "<group>"; };
		6262D2EC28C51E9600F2CE17 /* DetailViewAppleCareView.swift */ = {isa = PBXFileReference; lastKnownFileType = sourcecode.swift; path = DetailViewAppleCareView.swift; sourceTree = "<group>"; };
		6262D2F028C522CA00F2CE17 /* DetailViewCaseSizeView.swift */ = {isa = PBXFileReference; lastKnownFileType = sourcecode.swift; path = DetailViewCaseSizeView.swift; sourceTree = "<group>"; };
		6262D2F228C522F600F2CE17 /* DetailViewConnectivityView.swift */ = {isa = PBXFileReference; lastKnownFileType = sourcecode.swift; path = DetailViewConnectivityView.swift; sourceTree = "<group>"; };
		6262D2F628C536DD00F2CE17 /* WatchBandOptionsView.swift */ = {isa = PBXFileReference; lastKnownFileType = sourcecode.swift; path = WatchBandOptionsView.swift; sourceTree = "<group>"; };
		6262D31528C6658000F2CE17 /* WatchCardView.swift */ = {isa = PBXFileReference; lastKnownFileType = sourcecode.swift; path = WatchCardView.swift; sourceTree = "<group>"; };
		628F839A28BCEE7600D88AB4 /* WatchCardDetailView.swift */ = {isa = PBXFileReference; lastKnownFileType = sourcecode.swift; path = WatchCardDetailView.swift; sourceTree = "<group>"; };
		628F839C28BCEF3400D88AB4 /* GradientBackgroundView.swift */ = {isa = PBXFileReference; lastKnownFileType = sourcecode.swift; path = GradientBackgroundView.swift; sourceTree = "<group>"; };
		62B155F528BBD09B00CABE17 /* WatchCardListView.swift */ = {isa = PBXFileReference; lastKnownFileType = sourcecode.swift; path = WatchCardListView.swift; sourceTree = "<group>"; };
		62B155F928BBD0F200CABE17 /* WatchCardGridView.swift */ = {isa = PBXFileReference; lastKnownFileType = sourcecode.swift; path = WatchCardGridView.swift; sourceTree = "<group>"; };
		62B155FD28BC33B500CABE17 /* FavoriteWatchView.swift */ = {isa = PBXFileReference; lastKnownFileType = sourcecode.swift; path = FavoriteWatchView.swift; sourceTree = "<group>"; };
		62B155FF28BC33BD00CABE17 /* WatchPriceView.swift */ = {isa = PBXFileReference; lastKnownFileType = sourcecode.swift; path = WatchPriceView.swift; sourceTree = "<group>"; };
		62B1560128BC33C800CABE17 /* WatchTitleView.swift */ = {isa = PBXFileReference; lastKnownFileType = sourcecode.swift; path = WatchTitleView.swift; sourceTree = "<group>"; };
		62B1560328BC33D100CABE17 /* WatchBandTitleView.swift */ = {isa = PBXFileReference; lastKnownFileType = sourcecode.swift; path = WatchBandTitleView.swift; sourceTree = "<group>"; };
		62B1560528BC33DB00CABE17 /* AddToCartView.swift */ = {isa = PBXFileReference; lastKnownFileType = sourcecode.swift; path = AddToCartView.swift; sourceTree = "<group>"; };
		62C4BDEB28BE539600A25DA4 /* DetailViewImageView.swift */ = {isa = PBXFileReference; lastKnownFileType = sourcecode.swift; path = DetailViewImageView.swift; sourceTree = "<group>"; };
		62C4BDED28BE564A00A25DA4 /* StoreModel.swift */ = {isa = PBXFileReference; lastKnownFileType = sourcecode.swift; path = StoreModel.swift; sourceTree = "<group>"; };
		62DA87C728B19B82002B4278 /* Watch Store.app */ = {isa = PBXFileReference; explicitFileType = wrapper.application; includeInIndex = 0; path = "Watch Store.app"; sourceTree = BUILT_PRODUCTS_DIR; };
		62DA87CA28B19B82002B4278 /* Watch_StoreApp.swift */ = {isa = PBXFileReference; lastKnownFileType = sourcecode.swift; path = Watch_StoreApp.swift; sourceTree = "<group>"; };
		62DA87CC28B19B82002B4278 /* HomeView.swift */ = {isa = PBXFileReference; lastKnownFileType = sourcecode.swift; path = HomeView.swift; sourceTree = "<group>"; };
		62DA87CE28B19B83002B4278 /* Assets.xcassets */ = {isa = PBXFileReference; lastKnownFileType = folder.assetcatalog; path = Assets.xcassets; sourceTree = "<group>"; };
		62DA87D128B19B83002B4278 /* Preview Assets.xcassets */ = {isa = PBXFileReference; lastKnownFileType = folder.assetcatalog; path = "Preview Assets.xcassets"; sourceTree = "<group>"; };
/* End PBXFileReference section */

/* Begin PBXFrameworksBuildPhase section */
		62DA87C428B19B82002B4278 /* Frameworks */ = {
			isa = PBXFrameworksBuildPhase;
			buildActionMask = 2147483647;
			files = (
				622BFF8128BDB91C00C562DB /* Lottie in Frameworks */,
			);
			runOnlyForDeploymentPostprocessing = 0;
		};
/* End PBXFrameworksBuildPhase section */

/* Begin PBXGroup section */
		622BFF7C28BDB8CA00C562DB /* Lottie */ = {
			isa = PBXGroup;
			children = (
				622BFF7828BDB8BF00C562DB /* logo.png */,
				622BFF7A28BDB8C500C562DB /* logoAnimation.json */,
				622BFF7D28BDB8DA00C562DB /* LottieView.swift */,
			);
			path = Lottie;
			sourceTree = "<group>";
		};
		625ADFDC28B2888600756BB1 /* Models */ = {
			isa = PBXGroup;
			children = (
				625ADFE128B28B4B00756BB1 /* Watch.swift */,
			);
			path = Models;
			sourceTree = "<group>";
		};
		625ADFDD28B2889200756BB1 /* View Models */ = {
			isa = PBXGroup;
			children = (
				62C4BDED28BE564A00A25DA4 /* StoreModel.swift */,
			);
			path = "View Models";
			sourceTree = "<group>";
		};
		625ADFDE28B2889700756BB1 /* Views */ = {
			isa = PBXGroup;
			children = (
				622BFF7628BDB78D00C562DB /* LaunchScreen.storyboard */,
				62DA87CC28B19B82002B4278 /* HomeView.swift */,
				62B155F428BBD08200CABE17 /* Watch Card */,
				628F839628BCEDBC00D88AB4 /* WatchCardDetailView */,
				6262D2E728C4D6EB00F2CE17 /* Cart */,
			);
			path = Views;
			sourceTree = "<group>";
		};
		625ADFE328B28BC600756BB1 /* Extensions */ = {
			isa = PBXGroup;
			children = (
				625ADFE428B28BDC00756BB1 /* PreviewProvider+Ext.swift */,
			);
			path = Extensions;
			sourceTree = "<group>";
		};
		6262D2E728C4D6EB00F2CE17 /* Cart */ = {
			isa = PBXGroup;
			children = (
				6262D2E828C4D72300F2CE17 /* CartView.swift */,
				6262D2EA28C4FF0D00F2CE17 /* CartToolBarItem.swift */,
			);
			path = Cart;
			sourceTree = "<group>";
		};
		628F839628BCEDBC00D88AB4 /* WatchCardDetailView */ = {
			isa = PBXGroup;
			children = (
				628F839A28BCEE7600D88AB4 /* WatchCardDetailView.swift */,
				62C4BDEB28BE539600A25DA4 /* DetailViewImageView.swift */,
				6262D2F028C522CA00F2CE17 /* DetailViewCaseSizeView.swift */,
				6262D2F228C522F600F2CE17 /* DetailViewConnectivityView.swift */,
				6262D2EC28C51E9600F2CE17 /* DetailViewAppleCareView.swift */,
			);
			path = WatchCardDetailView;
			sourceTree = "<group>";
		};
		628F839728BCEDF000D88AB4 /* Helpers */ = {
			isa = PBXGroup;
			children = (
				622BFF7C28BDB8CA00C562DB /* Lottie */,
				625ADFE628B28C8500756BB1 /* Enums.swift */,
				625ADFDA28B2867400756BB1 /* Constants.swift */,
			);
			path = Helpers;
			sourceTree = "<group>";
		};
		62B155F428BBD08200CABE17 /* Watch Card */ = {
			isa = PBXGroup;
			children = (
				6262D31528C6658000F2CE17 /* WatchCardView.swift */,
				62B155F528BBD09B00CABE17 /* WatchCardListView.swift */,
				62B155F928BBD0F200CABE17 /* WatchCardGridView.swift */,
				62B155FD28BC33B500CABE17 /* FavoriteWatchView.swift */,
				62B155FF28BC33BD00CABE17 /* WatchPriceView.swift */,
				62B1560128BC33C800CABE17 /* WatchTitleView.swift */,
				62B1560328BC33D100CABE17 /* WatchBandTitleView.swift */,
				6262D2F628C536DD00F2CE17 /* WatchBandOptionsView.swift */,
				62B1560528BC33DB00CABE17 /* AddToCartView.swift */,
				628F839C28BCEF3400D88AB4 /* GradientBackgroundView.swift */,
			);
			path = "Watch Card";
			sourceTree = "<group>";
		};
		62DA87BE28B19B82002B4278 = {
			isa = PBXGroup;
			children = (
				62DA87C928B19B82002B4278 /* Watch Store */,
				62DA87C828B19B82002B4278 /* Products */,
			);
			sourceTree = "<group>";
		};
		62DA87C828B19B82002B4278 /* Products */ = {
			isa = PBXGroup;
			children = (
				62DA87C728B19B82002B4278 /* Watch Store.app */,
			);
			name = Products;
			sourceTree = "<group>";
		};
		62DA87C928B19B82002B4278 /* Watch Store */ = {
			isa = PBXGroup;
			children = (
				62DA87CA28B19B82002B4278 /* Watch_StoreApp.swift */,
				625ADFDE28B2889700756BB1 /* Views */,
				625ADFDD28B2889200756BB1 /* View Models */,
				625ADFDC28B2888600756BB1 /* Models */,
				628F839728BCEDF000D88AB4 /* Helpers */,
				625ADFE328B28BC600756BB1 /* Extensions */,
				62DA87CE28B19B83002B4278 /* Assets.xcassets */,
				62DA87D028B19B83002B4278 /* Preview Content */,
			);
			path = "Watch Store";
			sourceTree = "<group>";
		};
		62DA87D028B19B83002B4278 /* Preview Content */ = {
			isa = PBXGroup;
			children = (
				62DA87D128B19B83002B4278 /* Preview Assets.xcassets */,
			);
			path = "Preview Content";
			sourceTree = "<group>";
		};
/* End PBXGroup section */

/* Begin PBXNativeTarget section */
		62DA87C628B19B82002B4278 /* Watch Store */ = {
			isa = PBXNativeTarget;
			buildConfigurationList = 62DA87D528B19B83002B4278 /* Build configuration list for PBXNativeTarget "Watch Store" */;
			buildPhases = (
				62DA87C328B19B82002B4278 /* Sources */,
				62DA87C428B19B82002B4278 /* Frameworks */,
				62DA87C528B19B82002B4278 /* Resources */,
			);
			buildRules = (
			);
			dependencies = (
			);
			name = "Watch Store";
			packageProductDependencies = (
				622BFF8028BDB91C00C562DB /* Lottie */,
			);
			productName = "Watch Store";
			productReference = 62DA87C728B19B82002B4278 /* Watch Store.app */;
			productType = "com.apple.product-type.application";
		};
/* End PBXNativeTarget section */

/* Begin PBXProject section */
		62DA87BF28B19B82002B4278 /* Project object */ = {
			isa = PBXProject;
			attributes = {
				BuildIndependentTargetsInParallel = 1;
				LastSwiftUpdateCheck = 1340;
				LastUpgradeCheck = 1340;
				TargetAttributes = {
					62DA87C628B19B82002B4278 = {
						CreatedOnToolsVersion = 13.4.1;
					};
				};
			};
			buildConfigurationList = 62DA87C228B19B82002B4278 /* Build configuration list for PBXProject "Watch Store" */;
			compatibilityVersion = "Xcode 13.0";
			developmentRegion = en;
			hasScannedForEncodings = 0;
			knownRegions = (
				en,
				Base,
			);
			mainGroup = 62DA87BE28B19B82002B4278;
			packageReferences = (
				622BFF7F28BDB91C00C562DB /* XCRemoteSwiftPackageReference "lottie-ios" */,
			);
			productRefGroup = 62DA87C828B19B82002B4278 /* Products */;
			projectDirPath = "";
			projectRoot = "";
			targets = (
				62DA87C628B19B82002B4278 /* Watch Store */,
			);
		};
/* End PBXProject section */

/* Begin PBXResourcesBuildPhase section */
		62DA87C528B19B82002B4278 /* Resources */ = {
			isa = PBXResourcesBuildPhase;
			buildActionMask = 2147483647;
			files = (
				622BFF7928BDB8BF00C562DB /* logo.png in Resources */,
				622BFF7B28BDB8C500C562DB /* logoAnimation.json in Resources */,
				622BFF7728BDB78D00C562DB /* LaunchScreen.storyboard in Resources */,
				62DA87D228B19B83002B4278 /* Preview Assets.xcassets in Resources */,
				6262D33128C6C47A00F2CE17 /* Assets.xcassets in Resources */,
			);
			runOnlyForDeploymentPostprocessing = 0;
		};
/* End PBXResourcesBuildPhase section */

/* Begin PBXSourcesBuildPhase section */
		62DA87C328B19B82002B4278 /* Sources */ = {
			isa = PBXSourcesBuildPhase;
			buildActionMask = 2147483647;
			files = (
				628F839D28BCEF3400D88AB4 /* GradientBackgroundView.swift in Sources */,
				622BFF7E28BDB8DA00C562DB /* LottieView.swift in Sources */,
				62DA87CD28B19B82002B4278 /* HomeView.swift in Sources */,
				625ADFE528B28BDC00756BB1 /* PreviewProvider+Ext.swift in Sources */,
				62B1560428BC33D100CABE17 /* WatchBandTitleView.swift in Sources */,
				62B155F628BBD09B00CABE17 /* WatchCardListView.swift in Sources */,
				62B155FA28BBD0F200CABE17 /* WatchCardGridView.swift in Sources */,
				6262D2F128C522CA00F2CE17 /* DetailViewCaseSizeView.swift in Sources */,
				62B1560028BC33BD00CABE17 /* WatchPriceView.swift in Sources */,
				6262D2F328C522F600F2CE17 /* DetailViewConnectivityView.swift in Sources */,
				62B155FE28BC33B500CABE17 /* FavoriteWatchView.swift in Sources */,
				6262D2E928C4D72300F2CE17 /* CartView.swift in Sources */,
				62B1560228BC33C800CABE17 /* WatchTitleView.swift in Sources */,
				62DA87CB28B19B82002B4278 /* Watch_StoreApp.swift in Sources */,
				62B1560628BC33DB00CABE17 /* AddToCartView.swift in Sources */,
				6262D2EB28C4FF0D00F2CE17 /* CartToolBarItem.swift in Sources */,
				6262D31628C6658000F2CE17 /* WatchCardView.swift in Sources */,
				62C4BDEE28BE564A00A25DA4 /* StoreModel.swift in Sources */,
				625ADFDB28B2867400756BB1 /* Constants.swift in Sources */,
				628F839B28BCEE7600D88AB4 /* WatchCardDetailView.swift in Sources */,
				625ADFE728B28C8500756BB1 /* Enums.swift in Sources */,
				6262D2F728C536DD00F2CE17 /* WatchBandOptionsView.swift in Sources */,
				62C4BDEC28BE539600A25DA4 /* DetailViewImageView.swift in Sources */,
				6262D2ED28C51E9600F2CE17 /* DetailViewAppleCareView.swift in Sources */,
				625ADFE228B28B4B00756BB1 /* Watch.swift in Sources */,
			);
			runOnlyForDeploymentPostprocessing = 0;
		};
/* End PBXSourcesBuildPhase section */

/* Begin XCBuildConfiguration section */
		62DA87D328B19B83002B4278 /* Debug */ = {
			isa = XCBuildConfiguration;
			buildSettings = {
				ALWAYS_SEARCH_USER_PATHS = NO;
				CLANG_ANALYZER_NONNULL = YES;
				CLANG_ANALYZER_NUMBER_OBJECT_CONVERSION = YES_AGGRESSIVE;
				CLANG_CXX_LANGUAGE_STANDARD = "gnu++17";
				CLANG_ENABLE_MODULES = YES;
				CLANG_ENABLE_OBJC_ARC = YES;
				CLANG_ENABLE_OBJC_WEAK = YES;
				CLANG_WARN_BLOCK_CAPTURE_AUTORELEASING = YES;
				CLANG_WARN_BOOL_CONVERSION = YES;
				CLANG_WARN_COMMA = YES;
				CLANG_WARN_CONSTANT_CONVERSION = YES;
				CLANG_WARN_DEPRECATED_OBJC_IMPLEMENTATIONS = YES;
				CLANG_WARN_DIRECT_OBJC_ISA_USAGE = YES_ERROR;
				CLANG_WARN_DOCUMENTATION_COMMENTS = YES;
				CLANG_WARN_EMPTY_BODY = YES;
				CLANG_WARN_ENUM_CONVERSION = YES;
				CLANG_WARN_INFINITE_RECURSION = YES;
				CLANG_WARN_INT_CONVERSION = YES;
				CLANG_WARN_NON_LITERAL_NULL_CONVERSION = YES;
				CLANG_WARN_OBJC_IMPLICIT_RETAIN_SELF = YES;
				CLANG_WARN_OBJC_LITERAL_CONVERSION = YES;
				CLANG_WARN_OBJC_ROOT_CLASS = YES_ERROR;
				CLANG_WARN_QUOTED_INCLUDE_IN_FRAMEWORK_HEADER = YES;
				CLANG_WARN_RANGE_LOOP_ANALYSIS = YES;
				CLANG_WARN_STRICT_PROTOTYPES = YES;
				CLANG_WARN_SUSPICIOUS_MOVE = YES;
				CLANG_WARN_UNGUARDED_AVAILABILITY = YES_AGGRESSIVE;
				CLANG_WARN_UNREACHABLE_CODE = YES;
				CLANG_WARN__DUPLICATE_METHOD_MATCH = YES;
				COPY_PHASE_STRIP = NO;
				DEBUG_INFORMATION_FORMAT = dwarf;
				ENABLE_STRICT_OBJC_MSGSEND = YES;
				ENABLE_TESTABILITY = YES;
				GCC_C_LANGUAGE_STANDARD = gnu11;
				GCC_DYNAMIC_NO_PIC = NO;
				GCC_NO_COMMON_BLOCKS = YES;
				GCC_OPTIMIZATION_LEVEL = 0;
				GCC_PREPROCESSOR_DEFINITIONS = (
					"DEBUG=1",
					"$(inherited)",
				);
				GCC_WARN_64_TO_32_BIT_CONVERSION = YES;
				GCC_WARN_ABOUT_RETURN_TYPE = YES_ERROR;
				GCC_WARN_UNDECLARED_SELECTOR = YES;
				GCC_WARN_UNINITIALIZED_AUTOS = YES_AGGRESSIVE;
				GCC_WARN_UNUSED_FUNCTION = YES;
				GCC_WARN_UNUSED_VARIABLE = YES;
				IPHONEOS_DEPLOYMENT_TARGET = 15.5;
				MTL_ENABLE_DEBUG_INFO = INCLUDE_SOURCE;
				MTL_FAST_MATH = YES;
				ONLY_ACTIVE_ARCH = YES;
				SDKROOT = iphoneos;
				SWIFT_ACTIVE_COMPILATION_CONDITIONS = DEBUG;
				SWIFT_OPTIMIZATION_LEVEL = "-Onone";
			};
			name = Debug;
		};
		62DA87D428B19B83002B4278 /* Release */ = {
			isa = XCBuildConfiguration;
			buildSettings = {
				ALWAYS_SEARCH_USER_PATHS = NO;
				CLANG_ANALYZER_NONNULL = YES;
				CLANG_ANALYZER_NUMBER_OBJECT_CONVERSION = YES_AGGRESSIVE;
				CLANG_CXX_LANGUAGE_STANDARD = "gnu++17";
				CLANG_ENABLE_MODULES = YES;
				CLANG_ENABLE_OBJC_ARC = YES;
				CLANG_ENABLE_OBJC_WEAK = YES;
				CLANG_WARN_BLOCK_CAPTURE_AUTORELEASING = YES;
				CLANG_WARN_BOOL_CONVERSION = YES;
				CLANG_WARN_COMMA = YES;
				CLANG_WARN_CONSTANT_CONVERSION = YES;
				CLANG_WARN_DEPRECATED_OBJC_IMPLEMENTATIONS = YES;
				CLANG_WARN_DIRECT_OBJC_ISA_USAGE = YES_ERROR;
				CLANG_WARN_DOCUMENTATION_COMMENTS = YES;
				CLANG_WARN_EMPTY_BODY = YES;
				CLANG_WARN_ENUM_CONVERSION = YES;
				CLANG_WARN_INFINITE_RECURSION = YES;
				CLANG_WARN_INT_CONVERSION = YES;
				CLANG_WARN_NON_LITERAL_NULL_CONVERSION = YES;
				CLANG_WARN_OBJC_IMPLICIT_RETAIN_SELF = YES;
				CLANG_WARN_OBJC_LITERAL_CONVERSION = YES;
				CLANG_WARN_OBJC_ROOT_CLASS = YES_ERROR;
				CLANG_WARN_QUOTED_INCLUDE_IN_FRAMEWORK_HEADER = YES;
				CLANG_WARN_RANGE_LOOP_ANALYSIS = YES;
				CLANG_WARN_STRICT_PROTOTYPES = YES;
				CLANG_WARN_SUSPICIOUS_MOVE = YES;
				CLANG_WARN_UNGUARDED_AVAILABILITY = YES_AGGRESSIVE;
				CLANG_WARN_UNREACHABLE_CODE = YES;
				CLANG_WARN__DUPLICATE_METHOD_MATCH = YES;
				COPY_PHASE_STRIP = NO;
				DEBUG_INFORMATION_FORMAT = "dwarf-with-dsym";
				ENABLE_NS_ASSERTIONS = NO;
				ENABLE_STRICT_OBJC_MSGSEND = YES;
				GCC_C_LANGUAGE_STANDARD = gnu11;
				GCC_NO_COMMON_BLOCKS = YES;
				GCC_WARN_64_TO_32_BIT_CONVERSION = YES;
				GCC_WARN_ABOUT_RETURN_TYPE = YES_ERROR;
				GCC_WARN_UNDECLARED_SELECTOR = YES;
				GCC_WARN_UNINITIALIZED_AUTOS = YES_AGGRESSIVE;
				GCC_WARN_UNUSED_FUNCTION = YES;
				GCC_WARN_UNUSED_VARIABLE = YES;
				IPHONEOS_DEPLOYMENT_TARGET = 15.5;
				MTL_ENABLE_DEBUG_INFO = NO;
				MTL_FAST_MATH = YES;
				SDKROOT = iphoneos;
				SWIFT_COMPILATION_MODE = wholemodule;
				SWIFT_OPTIMIZATION_LEVEL = "-O";
				VALIDATE_PRODUCT = YES;
			};
			name = Release;
		};
		62DA87D628B19B83002B4278 /* Debug */ = {
			isa = XCBuildConfiguration;
			buildSettings = {
				ASSETCATALOG_COMPILER_GLOBAL_ACCENT_COLOR_NAME = AccentColor;
				ASSETCATALOG_COMPILER_INCLUDE_ALL_APPICON_ASSETS = NO;
				CODE_SIGN_STYLE = Automatic;
				CURRENT_PROJECT_VERSION = 1;
				DEVELOPMENT_ASSET_PATHS = "\"Watch Store/Preview Content\"";
				DEVELOPMENT_TEAM = BMNBE7JVDJ;
				ENABLE_PREVIEWS = YES;
				GENERATE_INFOPLIST_FILE = YES;
				INFOPLIST_KEY_CFBundleDisplayName = "Watch Store";
				INFOPLIST_KEY_UIApplicationSceneManifest_Generation = YES;
				INFOPLIST_KEY_UIApplicationSupportsIndirectInputEvents = YES;
				INFOPLIST_KEY_UILaunchScreen_Generation = YES;
				INFOPLIST_KEY_UILaunchStoryboardName = LaunchScreen.storyboard;
				INFOPLIST_KEY_UISupportedInterfaceOrientations = UIInterfaceOrientationPortrait;
				INFOPLIST_KEY_UISupportedInterfaceOrientations_iPad = "UIInterfaceOrientationPortrait UIInterfaceOrientationPortraitUpsideDown";
				IPHONEOS_DEPLOYMENT_TARGET = 16.0;
				LD_RUNPATH_SEARCH_PATHS = (
					"$(inherited)",
					"@executable_path/Frameworks",
				);
				MARKETING_VERSION = 1.0;
				PRODUCT_BUNDLE_IDENTIFIER = "com.elihartnett.Watch-Store";
				PRODUCT_NAME = "$(TARGET_NAME)";
				SWIFT_EMIT_LOC_STRINGS = YES;
				SWIFT_VERSION = 5.0;
				TARGETED_DEVICE_FAMILY = "1,2";
			};
			name = Debug;
		};
		62DA87D728B19B83002B4278 /* Release */ = {
			isa = XCBuildConfiguration;
			buildSettings = {
				ASSETCATALOG_COMPILER_GLOBAL_ACCENT_COLOR_NAME = AccentColor;
				ASSETCATALOG_COMPILER_INCLUDE_ALL_APPICON_ASSETS = NO;
				CODE_SIGN_STYLE = Automatic;
				CURRENT_PROJECT_VERSION = 1;
				DEVELOPMENT_ASSET_PATHS = "\"Watch Store/Preview Content\"";
				DEVELOPMENT_TEAM = BMNBE7JVDJ;
				ENABLE_PREVIEWS = YES;
				GENERATE_INFOPLIST_FILE = YES;
				INFOPLIST_KEY_CFBundleDisplayName = "Watch Store";
				INFOPLIST_KEY_UIApplicationSceneManifest_Generation = YES;
				INFOPLIST_KEY_UIApplicationSupportsIndirectInputEvents = YES;
				INFOPLIST_KEY_UILaunchScreen_Generation = YES;
				INFOPLIST_KEY_UILaunchStoryboardName = LaunchScreen.storyboard;
				INFOPLIST_KEY_UISupportedInterfaceOrientations = UIInterfaceOrientationPortrait;
				INFOPLIST_KEY_UISupportedInterfaceOrientations_iPad = "UIInterfaceOrientationPortrait UIInterfaceOrientationPortraitUpsideDown";
				IPHONEOS_DEPLOYMENT_TARGET = 16.0;
				LD_RUNPATH_SEARCH_PATHS = (
					"$(inherited)",
					"@executable_path/Frameworks",
				);
				MARKETING_VERSION = 1.0;
				PRODUCT_BUNDLE_IDENTIFIER = "com.elihartnett.Watch-Store";
				PRODUCT_NAME = "$(TARGET_NAME)";
				SWIFT_EMIT_LOC_STRINGS = YES;
				SWIFT_VERSION = 5.0;
				TARGETED_DEVICE_FAMILY = "1,2";
			};
			name = Release;
		};
/* End XCBuildConfiguration section */

/* Begin XCConfigurationList section */
		62DA87C228B19B82002B4278 /* Build configuration list for PBXProject "Watch Store" */ = {
			isa = XCConfigurationList;
			buildConfigurations = (
				62DA87D328B19B83002B4278 /* Debug */,
				62DA87D428B19B83002B4278 /* Release */,
			);
			defaultConfigurationIsVisible = 0;
			defaultConfigurationName = Release;
		};
		62DA87D528B19B83002B4278 /* Build configuration list for PBXNativeTarget "Watch Store" */ = {
			isa = XCConfigurationList;
			buildConfigurations = (
				62DA87D628B19B83002B4278 /* Debug */,
				62DA87D728B19B83002B4278 /* Release */,
			);
			defaultConfigurationIsVisible = 0;
			defaultConfigurationName = Release;
		};
/* End XCConfigurationList section */

/* Begin XCRemoteSwiftPackageReference section */
		622BFF7F28BDB91C00C562DB /* XCRemoteSwiftPackageReference "lottie-ios" */ = {
			isa = XCRemoteSwiftPackageReference;
			repositoryURL = "https://github.com/airbnb/lottie-ios";
			requirement = {
				branch = master;
				kind = branch;
			};
		};
/* End XCRemoteSwiftPackageReference section */

/* Begin XCSwiftPackageProductDependency section */
		622BFF8028BDB91C00C562DB /* Lottie */ = {
			isa = XCSwiftPackageProductDependency;
			package = 622BFF7F28BDB91C00C562DB /* XCRemoteSwiftPackageReference "lottie-ios" */;
			productName = Lottie;
		};
/* End XCSwiftPackageProductDependency section */
	};
	rootObject = 62DA87BF28B19B82002B4278 /* Project object */;
}
